<?xml version="1.0" encoding="utf-8"?>
<Project ToolsVersion="4.0" xmlns="http://schemas.microsoft.com/developer/msbuild/2003">
  <ItemGroup>
    <Filter Include="AntiDebug">
      <UniqueIdentifier>{18e12ba4-7f6b-434f-8271-d5bbb46fa4c9}</UniqueIdentifier>
    </Filter>
    <Filter Include="AntiDebug\Source">
      <UniqueIdentifier>{bf1fe4e8-39e0-495b-9f5b-b5c5da2a2d08}</UniqueIdentifier>
    </Filter>
    <Filter Include="AntiDebug\Header">
      <UniqueIdentifier>{f97845a6-27f4-4e98-874d-63f896f1006b}</UniqueIdentifier>
    </Filter>
    <Filter Include="AntiAnalysis">
      <UniqueIdentifier>{666c0b5a-f811-4eb2-b4c9-a2e91c1ea6a0}</UniqueIdentifier>
    </Filter>
    <Filter Include="Shared">
      <UniqueIdentifier>{5d11ce3d-06d9-4e4c-b7f1-aef4153ac76b}</UniqueIdentifier>
    </Filter>
    <Filter Include="Shared\Source">
      <UniqueIdentifier>{bc3f3752-625a-4170-bfae-873fc9a063ef}</UniqueIdentifier>
    </Filter>
    <Filter Include="Shared\Header">
      <UniqueIdentifier>{0abe0968-9567-474e-8ee3-02ce966590e2}</UniqueIdentifier>
    </Filter>
    <Filter Include="AntiAnalysis\Source">
      <UniqueIdentifier>{cf06cc61-c616-45d1-ae2f-7577948bc3e0}</UniqueIdentifier>
    </Filter>
    <Filter Include="AntiAnalysis\Header">
      <UniqueIdentifier>{f9672dc2-2eb4-4fdb-87ea-763a7a86872e}</UniqueIdentifier>
    </Filter>
    <Filter Include="Shared\Source\winapi_obf">
      <UniqueIdentifier>{0b2ee922-cd00-4e5f-855b-015764ac4047}</UniqueIdentifier>
    </Filter>
    <Filter Include="Shared\Header\winapi_obf">
      <UniqueIdentifier>{6050b384-1388-482a-abfd-f572e18bbc7f}</UniqueIdentifier>
    </Filter>
    <Filter Include="Shared\Source\gh_syscalls">
      <UniqueIdentifier>{8c888fcc-8815-4086-b872-2664de670631}</UniqueIdentifier>
    </Filter>
    <Filter Include="Shared\Header\gh_syscalls">
      <UniqueIdentifier>{9c770ad2-ab4f-4594-b3c0-f87ea3377428}</UniqueIdentifier>
    </Filter>
  </ItemGroup>
  <ItemGroup>
    <ClInclude Include="pch.h" />
    <ClInclude Include="AntiDebug\CloseHandle_InvalidHandle.h">
      <Filter>AntiDebug\Header</Filter>
    </ClInclude>
    <ClInclude Include="AntiDebug\HardwareBreakpoints.h">
      <Filter>AntiDebug\Header</Filter>
    </ClInclude>
    <ClInclude Include="AntiDebug\Interrupt_0x2d.h">
      <Filter>AntiDebug\Header</Filter>
    </ClInclude>
    <ClInclude Include="AntiDebug\Interrupt_3.h">
      <Filter>AntiDebug\Header</Filter>
    </ClInclude>
    <ClInclude Include="AntiDebug\IsDebuggerPresent.h">
      <Filter>AntiDebug\Header</Filter>
    </ClInclude>
    <ClInclude Include="AntiDebug\MemoryBreakpoints_PageGuard.h">
      <Filter>AntiDebug\Header</Filter>
    </ClInclude>
    <ClInclude Include="AntiDebug\ModuleBoundsHookCheck.h">
      <Filter>AntiDebug\Header</Filter>
    </ClInclude>
    <ClInclude Include="AntiDebug\NtQueryInformationProcess_ProcessDebugFlags.h">
      <Filter>AntiDebug\Header</Filter>
    </ClInclude>
    <ClInclude Include="AntiDebug\NtQueryInformationProcess_ProcessDebugObject.h">
      <Filter>AntiDebug\Header</Filter>
    </ClInclude>
    <ClInclude Include="AntiDebug\NtQueryInformationProcess_ProcessDebugPort.h">
      <Filter>AntiDebug\Header</Filter>
    </ClInclude>
    <ClInclude Include="AntiDebug\NtQueryObject_ObjectInformation.h">
      <Filter>AntiDebug\Header</Filter>
    </ClInclude>
    <ClInclude Include="AntiDebug\NtQuerySystemInformation_SystemKernelDebuggerInformation.h">
      <Filter>AntiDebug\Header</Filter>
    </ClInclude>
    <ClInclude Include="AntiDebug\NtSetInformationThread_ThreadHideFromDebugger.h">
      <Filter>AntiDebug\Header</Filter>
    </ClInclude>
    <ClInclude Include="AntiDebug\NtYieldExecution.h">
      <Filter>AntiDebug\Header</Filter>
    </ClInclude>
    <ClInclude Include="AntiDebug\OutputDebugStringAPI.h">
      <Filter>AntiDebug\Header</Filter>
    </ClInclude>
    <ClInclude Include="AntiDebug\PageExceptionBreakpointCheck.h">
      <Filter>AntiDebug\Header</Filter>
    </ClInclude>
    <ClInclude Include="AntiDebug\ParentProcess.h">
      <Filter>AntiDebug\Header</Filter>
    </ClInclude>
    <ClInclude Include="AntiDebug\ProcessHeap_Flags.h">
      <Filter>AntiDebug\Header</Filter>
    </ClInclude>
    <ClInclude Include="AntiDebug\ProcessHeap_ForceFlags.h">
      <Filter>AntiDebug\Header</Filter>
    </ClInclude>
    <ClInclude Include="AntiDebug\ProcessJob.h">
      <Filter>AntiDebug\Header</Filter>
    </ClInclude>
    <ClInclude Include="AntiDebug\SeDebugPrivilege.h">
      <Filter>AntiDebug\Header</Filter>
    </ClInclude>
    <ClInclude Include="AntiDebug\SetHandleInformation_API.h">
      <Filter>AntiDebug\Header</Filter>
    </ClInclude>
    <ClInclude Include="AntiDebug\SharedUserData_KernelDebugger.h">
      <Filter>AntiDebug\Header</Filter>
    </ClInclude>
    <ClInclude Include="AntiDebug\SoftwareBreakpoints.h">
      <Filter>AntiDebug\Header</Filter>
    </ClInclude>
    <ClInclude Include="AntiDebug\TLS_callbacks.h">
      <Filter>AntiDebug\Header</Filter>
    </ClInclude>
    <ClInclude Include="AntiDebug\UnhandledExceptionFilter_Handler.h">
      <Filter>AntiDebug\Header</Filter>
    </ClInclude>
    <ClInclude Include="AntiDebug\WriteWatch.h">
      <Filter>AntiDebug\Header</Filter>
    </ClInclude>
    <ClInclude Include="AntiDebug\WUDF_IsDebuggerPresent.h">
      <Filter>AntiDebug\Header</Filter>
    </ClInclude>
    <ClInclude Include="Shared\WinStructs.h">
      <Filter>Shared\Header</Filter>
    </ClInclude>
    <ClInclude Include="Shared\winapifamily.h">
      <Filter>Shared\Header</Filter>
    </ClInclude>
    <ClInclude Include="Shared\VersionHelpers.h">
      <Filter>Shared\Header</Filter>
    </ClInclude>
    <ClInclude Include="Shared\Utils.h">
      <Filter>Shared\Header</Filter>
    </ClInclude>
    <ClInclude Include="Shared\log.h">
      <Filter>Shared\Header</Filter>
    </ClInclude>
    <ClInclude Include="Shared\Common.h">
      <Filter>Shared\Header</Filter>
    </ClInclude>
    <ClInclude Include="Shared\ApiTypeDefs.h">
      <Filter>Shared\Header</Filter>
    </ClInclude>
    <ClInclude Include="Shared\APIs.h">
      <Filter>Shared\Header</Filter>
    </ClInclude>
    <ClInclude Include="AntiDebug\pch.h">
      <Filter>AntiDebug\Header</Filter>
    </ClInclude>
    <ClInclude Include="Shared\pch.h">
      <Filter>Shared\Header</Filter>
    </ClInclude>
    <ClInclude Include="AntiAnalysis\pch.h">
      <Filter>AntiAnalysis\Header</Filter>
    </ClInclude>
    <ClInclude Include="AntiAnalysis\process.h">
      <Filter>AntiAnalysis\Header</Filter>
    </ClInclude>
    <ClInclude Include="AntiDebug\CheckRemoteDebuggerPresent.h">
      <Filter>AntiDebug\Header</Filter>
    </ClInclude>
    <ClInclude Include="AntiDebug\BeingDebugged.h">
      <Filter>AntiDebug\Header</Filter>
    </ClInclude>
    <ClInclude Include="AntiDebug\NtGlobalFlag.h">
      <Filter>AntiDebug\Header</Filter>
    </ClInclude>
    <ClInclude Include="AntiDebug\XAntiDebug.h">
      <Filter>AntiDebug\Header</Filter>
    </ClInclude>
    <ClInclude Include="Shared\wow64ext.h">
      <Filter>Shared\Header</Filter>
    </ClInclude>
    <ClInclude Include="Shared\CMemPtr.h">
      <Filter>Shared\Header</Filter>
    </ClInclude>
    <ClInclude Include="Shared\crc32.h">
      <Filter>Shared\Header</Filter>
    </ClInclude>
    <ClInclude Include="Shared\internal.h">
      <Filter>Shared\Header</Filter>
    </ClInclude>
    <ClInclude Include="Shared\ldasm.h">
      <Filter>Shared\Header</Filter>
    </ClInclude>
    <ClInclude Include="AntiDebug\XAD.h">
      <Filter>AntiDebug\Header</Filter>
    </ClInclude>
    <ClInclude Include="Shared\Hash.h">
      <Filter>Shared\Header</Filter>
    </ClInclude>
    <ClInclude Include="Shared\Helpers.h">
      <Filter>Shared\Header</Filter>
    </ClInclude>
    <ClInclude Include="Shared\Native.h">
      <Filter>Shared\Header</Filter>
    </ClInclude>
    <ClInclude Include="Shared\XorStr.h">
      <Filter>Shared\Header</Filter>
    </ClInclude>
    <ClInclude Include="Shared\ScyllaHideDetector.h">
      <Filter>Shared\Header</Filter>
    </ClInclude>
    <ClInclude Include="Shared\TitanHideDetect.h">
      <Filter>Shared\Header</Filter>
    </ClInclude>
    <ClInclude Include="Shared\export_work.h">
      <Filter>Shared\Header\winapi_obf</Filter>
    </ClInclude>
    <ClInclude Include="Shared\hash_work.h">
      <Filter>Shared\Header\winapi_obf</Filter>
    </ClInclude>
    <ClInclude Include="Shared\Helpers2.h">
      <Filter>Shared\Header\winapi_obf</Filter>
    </ClInclude>
    <ClInclude Include="Shared\MurmurHash2A.h">
      <Filter>Shared\Header\winapi_obf</Filter>
    </ClInclude>
    <ClInclude Include="Shared\PointerHashFunc.h">
      <Filter>Shared\Header\winapi_obf</Filter>
    </ClInclude>
    <ClInclude Include="Shared\syscall_defs.h">
      <Filter>Shared\Header\gh_syscalls</Filter>
    </ClInclude>
    <ClInclude Include="Shared\nt_defs.h">
      <Filter>Shared\Header\gh_syscalls</Filter>
    </ClInclude>
    <ClInclude Include="Shared\gh_syscall.h">
      <Filter>Shared\Header\gh_syscalls</Filter>
    </ClInclude>
  </ItemGroup>
  <ItemGroup>
    <ClCompile Include="pch.cpp" />
    <ClCompile Include="AntiDebug\CloseHandle_InvalidHandle.cpp">
      <Filter>AntiDebug\Source</Filter>
    </ClCompile>
    <ClCompile Include="AntiDebug\HardwareBreakpoints.cpp">
      <Filter>AntiDebug\Source</Filter>
    </ClCompile>
    <ClCompile Include="AntiDebug\Interrupt_0x2d.cpp">
      <Filter>AntiDebug\Source</Filter>
    </ClCompile>
    <ClCompile Include="AntiDebug\Interrupt_3.cpp">
      <Filter>AntiDebug\Source</Filter>
    </ClCompile>
    <ClCompile Include="AntiDebug\IsDebuggerPresent.cpp">
      <Filter>AntiDebug\Source</Filter>
    </ClCompile>
    <ClCompile Include="AntiDebug\MemoryBreakpoints_PageGuard.cpp">
      <Filter>AntiDebug\Source</Filter>
    </ClCompile>
    <ClCompile Include="AntiDebug\ModuleBoundsHookCheck.cpp">
      <Filter>AntiDebug\Source</Filter>
    </ClCompile>
    <ClCompile Include="AntiDebug\NtQueryInformationProcess_ProcessDebugFlags.cpp">
      <Filter>AntiDebug\Source</Filter>
    </ClCompile>
    <ClCompile Include="AntiDebug\NtQueryInformationProcess_ProcessDebugObject.cpp">
      <Filter>AntiDebug\Source</Filter>
    </ClCompile>
    <ClCompile Include="AntiDebug\NtQueryInformationProcess_ProcessDebugPort.cpp">
      <Filter>AntiDebug\Source</Filter>
    </ClCompile>
    <ClCompile Include="AntiDebug\NtQueryObject_AllTypesInformation.cpp">
      <Filter>AntiDebug\Source</Filter>
    </ClCompile>
    <ClCompile Include="AntiDebug\NtQueryObject_ObjectTypeInformation.cpp">
      <Filter>AntiDebug\Source</Filter>
    </ClCompile>
    <ClCompile Include="AntiDebug\NtQuerySystemInformation_SystemKernelDebuggerInformation.cpp">
      <Filter>AntiDebug\Source</Filter>
    </ClCompile>
    <ClCompile Include="AntiDebug\NtSetInformationThread_ThreadHideFromDebugger.cpp">
      <Filter>AntiDebug\Source</Filter>
    </ClCompile>
    <ClCompile Include="AntiDebug\NtYieldExecution.cpp">
      <Filter>AntiDebug\Source</Filter>
    </ClCompile>
    <ClCompile Include="AntiDebug\OutputDebugStringAPI.cpp">
      <Filter>AntiDebug\Source</Filter>
    </ClCompile>
    <ClCompile Include="AntiDebug\PageExceptionBreakpointCheck.cpp">
      <Filter>AntiDebug\Source</Filter>
    </ClCompile>
    <ClCompile Include="AntiDebug\ParentProcess.cpp">
      <Filter>AntiDebug\Source</Filter>
    </ClCompile>
    <ClCompile Include="AntiDebug\ProcessHeap_Flags.cpp">
      <Filter>AntiDebug\Source</Filter>
    </ClCompile>
    <ClCompile Include="AntiDebug\ProcessHeap_ForceFlags.cpp">
      <Filter>AntiDebug\Source</Filter>
    </ClCompile>
    <ClCompile Include="AntiDebug\ProcessJob.cpp">
      <Filter>AntiDebug\Source</Filter>
    </ClCompile>
    <ClCompile Include="AntiDebug\SeDebugPrivilege.cpp">
      <Filter>AntiDebug\Source</Filter>
    </ClCompile>
    <ClCompile Include="AntiDebug\SetHandleInformation_API.cpp">
      <Filter>AntiDebug\Source</Filter>
    </ClCompile>
    <ClCompile Include="AntiDebug\SharedUserData_KernelDebugger.cpp">
      <Filter>AntiDebug\Source</Filter>
    </ClCompile>
    <ClCompile Include="AntiDebug\SoftwareBreakpoints.cpp">
      <Filter>AntiDebug\Source</Filter>
    </ClCompile>
    <ClCompile Include="AntiDebug\TLS_callbacks.cpp">
      <Filter>AntiDebug\Source</Filter>
    </ClCompile>
    <ClCompile Include="AntiDebug\UnhandledExceptionFilter_Handler.cpp">
      <Filter>AntiDebug\Source</Filter>
    </ClCompile>
    <ClCompile Include="AntiDebug\WriteWatch.cpp">
      <Filter>AntiDebug\Source</Filter>
    </ClCompile>
    <ClCompile Include="AntiDebug\WUDF_IsDebuggerPresent.cpp">
      <Filter>AntiDebug\Source</Filter>
    </ClCompile>
    <ClCompile Include="Shared\APIs.cpp">
      <Filter>Shared\Source</Filter>
    </ClCompile>
    <ClCompile Include="Shared\ApiTypeDefs.cpp">
      <Filter>Shared\Source</Filter>
    </ClCompile>
    <ClCompile Include="Shared\Common.cpp">
      <Filter>Shared\Source</Filter>
    </ClCompile>
    <ClCompile Include="Shared\log.cpp">
      <Filter>Shared\Source</Filter>
    </ClCompile>
    <ClCompile Include="Shared\Utils.cpp">
      <Filter>Shared\Source</Filter>
    </ClCompile>
    <ClCompile Include="AntiAnalysis\process.cpp">
      <Filter>AntiAnalysis\Source</Filter>
    </ClCompile>
    <ClCompile Include="AntiDebug\CheckRemoteDebuggerPresent.cpp">
      <Filter>AntiDebug\Source</Filter>
    </ClCompile>
    <ClCompile Include="AntiDebug\NtGlobalFlag.cpp">
      <Filter>AntiDebug\Source</Filter>
    </ClCompile>
    <ClCompile Include="AntiDebug\BeingDebugged.cpp">
      <Filter>AntiDebug\Source</Filter>
    </ClCompile>
    <ClCompile Include="khaleesi.cpp" />
    <ClCompile Include="AntiDebug\XAntiDebug.cpp">
      <Filter>AntiDebug\Source</Filter>
    </ClCompile>
    <ClCompile Include="Shared\wow64ext.cpp">
      <Filter>Shared\Source</Filter>
    </ClCompile>
    <ClCompile Include="Shared\crc32.cpp">
      <Filter>Shared\Source</Filter>
    </ClCompile>
    <ClCompile Include="Shared\ldasm.cpp">
      <Filter>Shared\Source</Filter>
    </ClCompile>
    <ClCompile Include="AntiDebug\XAD.cpp">
      <Filter>AntiDebug\Source</Filter>
    </ClCompile>
    <ClCompile Include="Shared\ScyllaHideDetector.cpp">
      <Filter>Shared\Source</Filter>
    </ClCompile>
    <ClCompile Include="Shared\TitanHideDetect.cpp" />
    <ClCompile Include="Shared\hash_work.cpp">
      <Filter>Shared\Source\winapi_obf</Filter>
    </ClCompile>
    <ClCompile Include="Shared\MurmurHash2A.cpp">
      <Filter>Shared\Source\winapi_obf</Filter>
    </ClCompile>
    <ClCompile Include="Shared\export_work.cpp">
      <Filter>Shared\Source\winapi_obf</Filter>
    </ClCompile>
    <ClCompile Include="Shared\gh_syscall.cpp">
      <Filter>Shared\Source\gh_syscalls</Filter>
    </ClCompile>
  </ItemGroup>
  <ItemGroup>
    <MASM Include="AntiDebug\int2d_x86.asm">
      <Filter>AntiDebug\Source</Filter>
    </MASM>
    <MASM Include="AntiDebug\int2d_x64.asm">
      <Filter>AntiDebug\Source</Filter>
    </MASM>
  </ItemGroup>
  <ItemGroup>
    <None Include="packages.config" />
  </ItemGroup>
</Project>